// !$*UTF8*$!
{
	archiveVersion = 1;
	classes = {
	};
	objectVersion = 77;
	objects = {

/* Begin PBXContainerItemProxy section */
		22F3AAF02E6436C7008FC29A /* PBXContainerItemProxy */ = {
			isa = PBXContainerItemProxy;
			containerPortal = 22F3AAD92E6436C5008FC29A /* Project object */;
			proxyType = 1;
			remoteGlobalIDString = 22F3AAE02E6436C5008FC29A;
			remoteInfo = ReadBuddy;
		};
		22F3AAFA2E6436C7008FC29A /* PBXContainerItemProxy */ = {
			isa = PBXContainerItemProxy;
			containerPortal = 22F3AAD92E6436C5008FC29A /* Project object */;
			proxyType = 1;
			remoteGlobalIDString = 22F3AAE02E6436C5008FC29A;
			remoteInfo = ReadBuddy;
		};
/* End PBXContainerItemProxy section */

/* Begin PBXFileReference section */
		22F3AAE12E6436C5008FC29A /* ReadBuddy.app */ = {isa = PBXFileReference; explicitFileType = wrapper.application; includeInIndex = 0; path = ReadBuddy.app; sourceTree = BUILT_PRODUCTS_DIR; };
		22F3AAEF2E6436C7008FC29A /* ReadBuddyTests.xctest */ = {isa = PBXFileReference; explicitFileType = wrapper.cfbundle; includeInIndex = 0; path = ReadBuddyTests.xctest; sourceTree = BUILT_PRODUCTS_DIR; };
		22F3AAF92E6436C7008FC29A /* ReadBuddyUITests.xctest */ = {isa = PBXFileReference; explicitFileType = wrapper.cfbundle; includeInIndex = 0; path = ReadBuddyUITests.xctest; sourceTree = BUILT_PRODUCTS_DIR; };
/* End PBXFileReference section */

/* Begin PBXFileSystemSynchronizedRootGroup section */
		22F3AAE32E6436C5008FC29A /* ReadBuddy */ = {
			isa = PBXFileSystemSynchronizedRootGroup;
			path = ReadBuddy;
			sourceTree = "<group>";
		};
		22F3AAF22E6436C7008FC29A /* ReadBuddyTests */ = {
			isa = PBXFileSystemSynchronizedRootGroup;
			path = ReadBuddyTests;
			sourceTree = "<group>";
		};
		22F3AAFC2E6436C7008FC29A /* ReadBuddyUITests */ = {
			isa = PBXFileSystemSynchronizedRootGroup;
			path = ReadBuddyUITests;
			sourceTree = "<group>";
		};
/* End PBXFileSystemSynchronizedRootGroup section */

/* Begin PBXFrameworksBuildPhase section */
		22F3AADE2E6436C5008FC29A /* Frameworks */ = {
			isa = PBXFrameworksBuildPhase;
			buildActionMask = 2147483647;
			files = (
			);
			runOnlyForDeploymentPostprocessing = 0;
		};
		22F3AAEC2E6436C7008FC29A /* Frameworks */ = {
			isa = PBXFrameworksBuildPhase;
			buildActionMask = 2147483647;
			files = (
			);
			runOnlyForDeploymentPostprocessing = 0;
		};
		22F3AAF62E6436C7008FC29A /* Frameworks */ = {
			isa = PBXFrameworksBuildPhase;
			buildActionMask = 2147483647;
			files = (
			);
			runOnlyForDeploymentPostprocessing = 0;
		};
/* End PBXFrameworksBuildPhase section */

/* Begin PBXGroup section */
		22F3AAD82E6436C5008FC29A = {
			isa = PBXGroup;
			children = (
				22F3AAE32E6436C5008FC29A /* ReadBuddy */,
				22F3AAF22E6436C7008FC29A /* ReadBuddyTests */,
				22F3AAFC2E6436C7008FC29A /* ReadBuddyUITests */,
				22F3AAE22E6436C5008FC29A /* Products */,
			);
			sourceTree = "<group>";
		};
		22F3AAE22E6436C5008FC29A /* Products */ = {
			isa = PBXGroup;
			children = (
				22F3AAE12E6436C5008FC29A /* ReadBuddy.app */,
				22F3AAEF2E6436C7008FC29A /* ReadBuddyTests.xctest */,
				22F3AAF92E6436C7008FC29A /* ReadBuddyUITests.xctest */,
			);
			name = Products;
			sourceTree = "<group>";
		};
/* End PBXGroup section */

/* Begin PBXNativeTarget section */
		22F3AAE02E6436C5008FC29A /* ReadBuddy */ = {
			isa = PBXNativeTarget;
			buildConfigurationList = 22F3AB032E6436C7008FC29A /* Build configuration list for PBXNativeTarget "ReadBuddy" */;
			buildPhases = (
				22F3AADD2E6436C5008FC29A /* Sources */,
				22F3AADE2E6436C5008FC29A /* Frameworks */,
				22F3AADF2E6436C5008FC29A /* Resources */,
			);
			buildRules = (
			);
			dependencies = (
			);
			fileSystemSynchronizedGroups = (
				22F3AAE32E6436C5008FC29A /* ReadBuddy */,
			);
			name = ReadBuddy;
			packageProductDependencies = (
			);
			productName = ReadBuddy;
			productReference = 22F3AAE12E6436C5008FC29A /* ReadBuddy.app */;
			productType = "com.apple.product-type.application";
		};
		22F3AAEE2E6436C7008FC29A /* ReadBuddyTests */ = {
			isa = PBXNativeTarget;
			buildConfigurationList = 22F3AB062E6436C7008FC29A /* Build configuration list for PBXNativeTarget "ReadBuddyTests" */;
			buildPhases = (
				22F3AAEB2E6436C7008FC29A /* Sources */,
				22F3AAEC2E6436C7008FC29A /* Frameworks */,
				22F3AAED2E6436C7008FC29A /* Resources */,
			);
			buildRules = (
			);
			dependencies = (
				22F3AAF12E6436C7008FC29A /* PBXTargetDependency */,
			);
			fileSystemSynchronizedGroups = (
				22F3AAF22E6436C7008FC29A /* ReadBuddyTests */,
			);
			name = ReadBuddyTests;
			packageProductDependencies = (
			);
			productName = ReadBuddyTests;
			productReference = 22F3AAEF2E6436C7008FC29A /* ReadBuddyTests.xctest */;
			productType = "com.apple.product-type.bundle.unit-test";
		};
		22F3AAF82E6436C7008FC29A /* ReadBuddyUITests */ = {
			isa = PBXNativeTarget;
			buildConfigurationList = 22F3AB092E6436C7008FC29A /* Build configuration list for PBXNativeTarget "ReadBuddyUITests" */;
			buildPhases = (
				22F3AAF52E6436C7008FC29A /* Sources */,
				22F3AAF62E6436C7008FC29A /* Frameworks */,
				22F3AAF72E6436C7008FC29A /* Resources */,
			);
			buildRules = (
			);
			dependencies = (
				22F3AAFB2E6436C7008FC29A /* PBXTargetDependency */,
			);
			fileSystemSynchronizedGroups = (
				22F3AAFC2E6436C7008FC29A /* ReadBuddyUITests */,
			);
			name = ReadBuddyUITests;
			packageProductDependencies = (
			);
			productName = ReadBuddyUITests;
			productReference = 22F3AAF92E6436C7008FC29A /* ReadBuddyUITests.xctest */;
			productType = "com.apple.product-type.bundle.ui-testing";
		};
/* End PBXNativeTarget section */

/* Begin PBXProject section */
		22F3AAD92E6436C5008FC29A /* Project object */ = {
			isa = PBXProject;
			attributes = {
				BuildIndependentTargetsInParallel = 1;
				LastSwiftUpdateCheck = 1640;
				LastUpgradeCheck = 1640;
				TargetAttributes = {
					22F3AAE02E6436C5008FC29A = {
						CreatedOnToolsVersion = 16.4;
					};
					22F3AAEE2E6436C7008FC29A = {
						CreatedOnToolsVersion = 16.4;
						TestTargetID = 22F3AAE02E6436C5008FC29A;
					};
					22F3AAF82E6436C7008FC29A = {
						CreatedOnToolsVersion = 16.4;
						TestTargetID = 22F3AAE02E6436C5008FC29A;
					};
				};
			};
			buildConfigurationList = 22F3AADC2E6436C5008FC29A /* Build configuration list for PBXProject "ReadBuddy" */;
			developmentRegion = en;
			hasScannedForEncodings = 0;
			knownRegions = (
				en,
				Base,
			);
			mainGroup = 22F3AAD82E6436C5008FC29A;
			minimizedProjectReferenceProxies = 1;
			preferredProjectObjectVersion = 77;
			productRefGroup = 22F3AAE22E6436C5008FC29A /* Products */;
			projectDirPath = "";
			projectRoot = "";
			targets = (
				22F3AAE02E6436C5008FC29A /* ReadBuddy */,
				22F3AAEE2E6436C7008FC29A /* ReadBuddyTests */,
				22F3AAF82E6436C7008FC29A /* ReadBuddyUITests */,
			);
		};
/* End PBXProject section */

/* Begin PBXResourcesBuildPhase section */
		22F3AADF2E6436C5008FC29A /* Resources */ = {
			isa = PBXResourcesBuildPhase;
			buildActionMask = 2147483647;
			files = (
			);
			runOnlyForDeploymentPostprocessing = 0;
		};
		22F3AAED2E6436C7008FC29A /* Resources */ = {
			isa = PBXResourcesBuildPhase;
			buildActionMask = 2147483647;
			files = (
			);
			runOnlyForDeploymentPostprocessing = 0;
		};
		22F3AAF72E6436C7008FC29A /* Resources */ = {
			isa = PBXResourcesBuildPhase;
			buildActionMask = 2147483647;
			files = (
			);
			runOnlyForDeploymentPostprocessing = 0;
		};
/* End PBXResourcesBuildPhase section */

/* Begin PBXSourcesBuildPhase section */
		22F3AADD2E6436C5008FC29A /* Sources */ = {
			isa = PBXSourcesBuildPhase;
			buildActionMask = 2147483647;
			files = (
			);
			runOnlyForDeploymentPostprocessing = 0;
		};
		22F3AAEB2E6436C7008FC29A /* Sources */ = {
			isa = PBXSourcesBuildPhase;
			buildActionMask = 2147483647;
			files = (
			);
			runOnlyForDeploymentPostprocessing = 0;
		};
		22F3AAF52E6436C7008FC29A /* Sources */ = {
			isa = PBXSourcesBuildPhase;
			buildActionMask = 2147483647;
			files = (
			);
			runOnlyForDeploymentPostprocessing = 0;
		};
/* End PBXSourcesBuildPhase section */

/* Begin PBXTargetDependency section */
		22F3AAF12E6436C7008FC29A /* PBXTargetDependency */ = {
			isa = PBXTargetDependency;
			target = 22F3AAE02E6436C5008FC29A /* ReadBuddy */;
			targetProxy = 22F3AAF02E6436C7008FC29A /* PBXContainerItemProxy */;
		};
		22F3AAFB2E6436C7008FC29A /* PBXTargetDependency */ = {
			isa = PBXTargetDependency;
			target = 22F3AAE02E6436C5008FC29A /* ReadBuddy */;
			targetProxy = 22F3AAFA2E6436C7008FC29A /* PBXContainerItemProxy */;
		};
/* End PBXTargetDependency section */

/* Begin XCBuildConfiguration section */
		22F3AB012E6436C7008FC29A /* Debug */ = {
			isa = XCBuildConfiguration;
			buildSettings = {
				ALWAYS_SEARCH_USER_PATHS = NO;
				ASSETCATALOG_COMPILER_GENERATE_SWIFT_ASSET_SYMBOL_EXTENSIONS = YES;
				CLANG_ANALYZER_NONNULL = YES;
				CLANG_ANALYZER_NUMBER_OBJECT_CONVERSION = YES_AGGRESSIVE;
				CLANG_CXX_LANGUAGE_STANDARD = "gnu++20";
				CLANG_ENABLE_MODULES = YES;
				CLANG_ENABLE_OBJC_ARC = YES;
				CLANG_ENABLE_OBJC_WEAK = YES;
				CLANG_WARN_BLOCK_CAPTURE_AUTORELEASING = YES;
				CLANG_WARN_BOOL_CONVERSION = YES;
				CLANG_WARN_COMMA = YES;
				CLANG_WARN_CONSTANT_CONVERSION = YES;
				CLANG_WARN_DEPRECATED_OBJC_IMPLEMENTATIONS = YES;
				CLANG_WARN_DIRECT_OBJC_ISA_USAGE = YES_ERROR;
				CLANG_WARN_DOCUMENTATION_COMMENTS = YES;
				CLANG_WARN_EMPTY_BODY = YES;
				CLANG_WARN_ENUM_CONVERSION = YES;
				CLANG_WARN_INFINITE_RECURSION = YES;
				CLANG_WARN_INT_CONVERSION = YES;
				CLANG_WARN_NON_LITERAL_NULL_CONVERSION = YES;
				CLANG_WARN_OBJC_IMPLICIT_RETAIN_SELF = YES;
				CLANG_WARN_OBJC_LITERAL_CONVERSION = YES;
				CLANG_WARN_OBJC_ROOT_CLASS = YES_ERROR;
				CLANG_WARN_QUOTED_INCLUDE_IN_FRAMEWORK_HEADER = YES;
				CLANG_WARN_RANGE_LOOP_ANALYSIS = YES;
				CLANG_WARN_STRICT_PROTOTYPES = YES;
				CLANG_WARN_SUSPICIOUS_MOVE = YES;
				CLANG_WARN_UNGUARDED_AVAILABILITY = YES_AGGRESSIVE;
				CLANG_WARN_UNREACHABLE_CODE = YES;
				CLANG_WARN__DUPLICATE_METHOD_MATCH = YES;
				COPY_PHASE_STRIP = NO;
				DEBUG_INFORMATION_FORMAT = dwarf;
				ENABLE_STRICT_OBJC_MSGSEND = YES;
				ENABLE_TESTABILITY = YES;
				ENABLE_USER_SCRIPT_SANDBOXING = YES;
				GCC_C_LANGUAGE_STANDARD = gnu17;
				GCC_DYNAMIC_NO_PIC = NO;
				GCC_NO_COMMON_BLOCKS = YES;
				GCC_OPTIMIZATION_LEVEL = 0;
				GCC_PREPROCESSOR_DEFINITIONS = (
					"DEBUG=1",
					"$(inherited)",
				);
				GCC_WARN_64_TO_32_BIT_CONVERSION = YES;
				GCC_WARN_ABOUT_RETURN_TYPE = YES_ERROR;
				GCC_WARN_UNDECLARED_SELECTOR = YES;
				GCC_WARN_UNINITIALIZED_AUTOS = YES_AGGRESSIVE;
				GCC_WARN_UNUSED_FUNCTION = YES;
				GCC_WARN_UNUSED_VARIABLE = YES;
				LOCALIZATION_PREFERS_STRING_CATALOGS = YES;
				MACOSX_DEPLOYMENT_TARGET = 15.5;
				MTL_ENABLE_DEBUG_INFO = INCLUDE_SOURCE;
				MTL_FAST_MATH = YES;
				ONLY_ACTIVE_ARCH = YES;
				SDKROOT = macosx;
				SWIFT_ACTIVE_COMPILATION_CONDITIONS = "DEBUG $(inherited)";
				SWIFT_OPTIMIZATION_LEVEL = "-Onone";
			};
			name = Debug;
		};
		22F3AB022E6436C7008FC29A /* Release */ = {
			isa = XCBuildConfiguration;
			buildSettings = {
				ALWAYS_SEARCH_USER_PATHS = NO;
				ASSETCATALOG_COMPILER_GENERATE_SWIFT_ASSET_SYMBOL_EXTENSIONS = YES;
				CLANG_ANALYZER_NONNULL = YES;
				CLANG_ANALYZER_NUMBER_OBJECT_CONVERSION = YES_AGGRESSIVE;
				CLANG_CXX_LANGUAGE_STANDARD = "gnu++20";
				CLANG_ENABLE_MODULES = YES;
				CLANG_ENABLE_OBJC_ARC = YES;
				CLANG_ENABLE_OBJC_WEAK = YES;
				CLANG_WARN_BLOCK_CAPTURE_AUTORELEASING = YES;
				CLANG_WARN_BOOL_CONVERSION = YES;
				CLANG_WARN_COMMA = YES;
				CLANG_WARN_CONSTANT_CONVERSION = YES;
				CLANG_WARN_DEPRECATED_OBJC_IMPLEMENTATIONS = YES;
				CLANG_WARN_DIRECT_OBJC_ISA_USAGE = YES_ERROR;
				CLANG_WARN_DOCUMENTATION_COMMENTS = YES;
				CLANG_WARN_EMPTY_BODY = YES;
				CLANG_WARN_ENUM_CONVERSION = YES;
				CLANG_WARN_INFINITE_RECURSION = YES;
				CLANG_WARN_INT_CONVERSION = YES;
				CLANG_WARN_NON_LITERAL_NULL_CONVERSION = YES;
				CLANG_WARN_OBJC_IMPLICIT_RETAIN_SELF = YES;
				CLANG_WARN_OBJC_LITERAL_CONVERSION = YES;
				CLANG_WARN_OBJC_ROOT_CLASS = YES_ERROR;
				CLANG_WARN_QUOTED_INCLUDE_IN_FRAMEWORK_HEADER = YES;
				CLANG_WARN_RANGE_LOOP_ANALYSIS = YES;
				CLANG_WARN_STRICT_PROTOTYPES = YES;
				CLANG_WARN_SUSPICIOUS_MOVE = YES;
				CLANG_WARN_UNGUARDED_AVAILABILITY = YES_AGGRESSIVE;
				CLANG_WARN_UNREACHABLE_CODE = YES;
				CLANG_WARN__DUPLICATE_METHOD_MATCH = YES;
				COPY_PHASE_STRIP = NO;
				DEBUG_INFORMATION_FORMAT = "dwarf-with-dsym";
				ENABLE_NS_ASSERTIONS = NO;
				ENABLE_STRICT_OBJC_MSGSEND = YES;
				ENABLE_USER_SCRIPT_SANDBOXING = YES;
				GCC_C_LANGUAGE_STANDARD = gnu17;
				GCC_NO_COMMON_BLOCKS = YES;
				GCC_WARN_64_TO_32_BIT_CONVERSION = YES;
				GCC_WARN_ABOUT_RETURN_TYPE = YES_ERROR;
				GCC_WARN_UNDECLARED_SELECTOR = YES;
				GCC_WARN_UNINITIALIZED_AUTOS = YES_AGGRESSIVE;
				GCC_WARN_UNUSED_FUNCTION = YES;
				GCC_WARN_UNUSED_VARIABLE = YES;
				LOCALIZATION_PREFERS_STRING_CATALOGS = YES;
				MACOSX_DEPLOYMENT_TARGET = 15.5;
				MTL_ENABLE_DEBUG_INFO = NO;
				MTL_FAST_MATH = YES;
				SDKROOT = macosx;
				SWIFT_COMPILATION_MODE = wholemodule;
			};
			name = Release;
		};
		22F3AB042E6436C7008FC29A /* Debug */ = {
			isa = XCBuildConfiguration;
			buildSettings = {
				ASSETCATALOG_COMPILER_APPICON_NAME = AppIcon;
				ASSETCATALOG_COMPILER_GLOBAL_ACCENT_COLOR_NAME = AccentColor;
				CODE_SIGN_ENTITLEMENTS = ReadBuddy/ReadBuddy.entitlements;
				CODE_SIGN_STYLE = Automatic;
				COMBINE_HIDPI_IMAGES = YES;
				CURRENT_PROJECT_VERSION = 1;
				ENABLE_PREVIEWS = YES;
				GENERATE_INFOPLIST_FILE = YES;
				INFOPLIST_KEY_NSHumanReadableCopyright = "";
				LD_RUNPATH_SEARCH_PATHS = (
					"$(inherited)",
					"@executable_path/../Frameworks",
				);
				MARKETING_VERSION = 1.0;
				PRODUCT_BUNDLE_IDENTIFIER = SK.ReadBuddy;
				PRODUCT_NAME = "$(TARGET_NAME)";
				REGISTER_APP_GROUPS = YES;
				SWIFT_EMIT_LOC_STRINGS = YES;
				SWIFT_VERSION = 5.0;
			};
			name = Debug;
		};
		22F3AB052E6436C7008FC29A /* Release */ = {
			isa = XCBuildConfiguration;
			buildSettings = {
				ASSETCATALOG_COMPILER_APPICON_NAME = AppIcon;
				ASSETCATALOG_COMPILER_GLOBAL_ACCENT_COLOR_NAME = AccentColor;
				CODE_SIGN_ENTITLEMENTS = ReadBuddy/ReadBuddy.entitlements;
				CODE_SIGN_STYLE = Automatic;
				COMBINE_HIDPI_IMAGES = YES;
				CURRENT_PROJECT_VERSION = 1;
				ENABLE_PREVIEWS = YES;
				GENERATE_INFOPLIST_FILE = YES;
				INFOPLIST_KEY_NSHumanReadableCopyright = "";
				LD_RUNPATH_SEARCH_PATHS = (
					"$(inherited)",
					"@executable_path/../Frameworks",
				);
				MARKETING_VERSION = 1.0;
				PRODUCT_BUNDLE_IDENTIFIER = SK.ReadBuddy;
				PRODUCT_NAME = "$(TARGET_NAME)";
				REGISTER_APP_GROUPS = YES;
				SWIFT_EMIT_LOC_STRINGS = YES;
				SWIFT_VERSION = 5.0;
			};
			name = Release;
		};
		22F3AB072E6436C7008FC29A /* Debug */ = {
			isa = XCBuildConfiguration;
			buildSettings = {
				BUNDLE_LOADER = "$(TEST_HOST)";
				CODE_SIGN_STYLE = Automatic;
				CURRENT_PROJECT_VERSION = 1;
				GENERATE_INFOPLIST_FILE = YES;
				MACOSX_DEPLOYMENT_TARGET = 15.5;
				MARKETING_VERSION = 1.0;
				PRODUCT_BUNDLE_IDENTIFIER = SK.ReadBuddyTests;
				PRODUCT_NAME = "$(TARGET_NAME)";
				SWIFT_EMIT_LOC_STRINGS = NO;
				SWIFT_VERSION = 5.0;
				TEST_HOST = "$(BUILT_PRODUCTS_DIR)/ReadBuddy.app/$(BUNDLE_EXECUTABLE_FOLDER_PATH)/ReadBuddy";
			};
			name = Debug;
		};
		22F3AB082E6436C7008FC29A /* Release */ = {
			isa = XCBuildConfiguration;
			buildSettings = {
				BUNDLE_LOADER = "$(TEST_HOST)";
				CODE_SIGN_STYLE = Automatic;
				CURRENT_PROJECT_VERSION = 1;
				GENERATE_INFOPLIST_FILE = YES;
				MACOSX_DEPLOYMENT_TARGET = 15.5;
				MARKETING_VERSION = 1.0;
				PRODUCT_BUNDLE_IDENTIFIER = SK.ReadBuddyTests;
				PRODUCT_NAME = "$(TARGET_NAME)";
				SWIFT_EMIT_LOC_STRINGS = NO;
				SWIFT_VERSION = 5.0;
				TEST_HOST = "$(BUILT_PRODUCTS_DIR)/ReadBuddy.app/$(BUNDLE_EXECUTABLE_FOLDER_PATH)/ReadBuddy";
			};
			name = Release;
		};
		22F3AB0A2E6436C7008FC29A /* Debug */ = {
			isa = XCBuildConfiguration;
			buildSettings = {
				CODE_SIGN_STYLE = Automatic;
				CURRENT_PROJECT_VERSION = 1;
				GENERATE_INFOPLIST_FILE = YES;
				MARKETING_VERSION = 1.0;
				PRODUCT_BUNDLE_IDENTIFIER = SK.ReadBuddyUITests;
				PRODUCT_NAME = "$(TARGET_NAME)";
				SWIFT_EMIT_LOC_STRINGS = NO;
				SWIFT_VERSION = 5.0;
				TEST_TARGET_NAME = ReadBuddy;
			};
			name = Debug;
		};
		22F3AB0B2E6436C7008FC29A /* Release */ = {
			isa = XCBuildConfiguration;
			buildSettings = {
				CODE_SIGN_STYLE = Automatic;
				CURRENT_PROJECT_VERSION = 1;
				GENERATE_INFOPLIST_FILE = YES;
				MARKETING_VERSION = 1.0;
				PRODUCT_BUNDLE_IDENTIFIER = SK.ReadBuddyUITests;
				PRODUCT_NAME = "$(TARGET_NAME)";
				SWIFT_EMIT_LOC_STRINGS = NO;
				SWIFT_VERSION = 5.0;
				TEST_TARGET_NAME = ReadBuddy;
			};
			name = Release;
		};
/* End XCBuildConfiguration section */

/* Begin XCConfigurationList section */
		22F3AADC2E6436C5008FC29A /* Build configuration list for PBXProject "ReadBuddy" */ = {
			isa = XCConfigurationList;
			buildConfigurations = (
				22F3AB012E6436C7008FC29A /* Debug */,
				22F3AB022E6436C7008FC29A /* Release */,
			);
			defaultConfigurationIsVisible = 0;
			defaultConfigurationName = Release;
		};
		22F3AB032E6436C7008FC29A /* Build configuration list for PBXNativeTarget "ReadBuddy" */ = {
			isa = XCConfigurationList;
			buildConfigurations = (
				22F3AB042E6436C7008FC29A /* Debug */,
				22F3AB052E6436C7008FC29A /* Release */,
			);
			defaultConfigurationIsVisible = 0;
			defaultConfigurationName = Release;
		};
		22F3AB062E6436C7008FC29A /* Build configuration list for PBXNativeTarget "ReadBuddyTests" */ = {
			isa = XCConfigurationList;
			buildConfigurations = (
				22F3AB072E6436C7008FC29A /* Debug */,
				22F3AB082E6436C7008FC29A /* Release */,
			);
			defaultConfigurationIsVisible = 0;
			defaultConfigurationName = Release;
		};
		22F3AB092E6436C7008FC29A /* Build configuration list for PBXNativeTarget "ReadBuddyUITests" */ = {
			isa = XCConfigurationList;
			buildConfigurations = (
				22F3AB0A2E6436C7008FC29A /* Debug */,
				22F3AB0B2E6436C7008FC29A /* Release */,
			);
			defaultConfigurationIsVisible = 0;
			defaultConfigurationName = Release;
		};
/* End XCConfigurationList section */
	};
	rootObject = 22F3AAD92E6436C5008FC29A /* Project object */;
}
